
Microsoft Visual Studio Solution File, Format Version 12.00
# Visual Studio Version 17
VisualStudioVersion = 17.9.34728.123
MinimumVisualStudioVersion = 10.0.40219.1
Project("{FAE04EC0-301F-11D3-BF4B-00C04F79EFBC}") = "PrimeiroProjeto", "PrimeiroProjeto\PrimeiroProjeto.csproj", "{30479C96-6B76-4240-9047-179F0484270F}"
EndProject
Global
	GlobalSection(SolutionConfigurationPlatforms) = preSolution
		Debug|Any CPU = Debug|Any CPU
		Release|Any CPU = Release|Any CPU
	EndGlobalSection
	GlobalSection(ProjectConfigurationPlatforms) = postSolution
		{30479C96-6B76-4240-9047-179F0484270F}.Debug|Any CPU.ActiveCfg = Debug|Any CPU
		{30479C96-6B76-4240-9047-179F0484270F}.Debug|Any CPU.Build.0 = Debug|Any CPU
		{30479C96-6B76-4240-9047-179F0484270F}.Release|Any CPU.ActiveCfg = Release|Any CPU
		{30479C96-6B76-4240-9047-179F0484270F}.Release|Any CPU.Build.0 = Release|Any CPU
	EndGlobalSection
	GlobalSection(SolutionProperties) = preSolution
		HideSolutionNode = FALSE
	EndGlobalSection
	GlobalSection(ExtensibilityGlobals) = postSolution
		SolutionGuid = {FEC6A07F-C38F-4ACB-9D41-A5066B975F8A}
	EndGlobalSection
EndGlobal
